
Microsoft Visual Studio Solution File, Format Version 12.00
# Visual Studio Version 16
VisualStudioVersion = 16.0.30907.101
MinimumVisualStudioVersion = 10.0.40219.1
Project("{FAE04EC0-301F-11D3-BF4B-00C04F79EFBC}") = "EFCoreApp", "EFCoreApp.csproj", "{FFE69E8A-4DCF-4A34-80ED-B07924A5657F}"
EndProject
Project("{FAE04EC0-301F-11D3-BF4B-00C04F79EFBC}") = "EFCoreApp_DataAccess", "..\EFCoreApp_DataAccess\EFCoreApp_DataAccess.csproj", "{F3959936-3259-477B-8425-1FB2F5316669}"
EndProject
Project("{FAE04EC0-301F-11D3-BF4B-00C04F79EFBC}") = "EFCoreApp_Model", "..\EFCoreApp_Model\EFCoreApp_Model.csproj", "{5473B20A-5429-40D5-BE87-309CA9C05C1B}"
EndProject
Global
	GlobalSection(SolutionConfigurationPlatforms) = preSolution
		Debug|Any CPU = Debug|Any CPU
		Release|Any CPU = Release|Any CPU
	EndGlobalSection
	GlobalSection(ProjectConfigurationPlatforms) = postSolution
		{FFE69E8A-4DCF-4A34-80ED-B07924A5657F}.Debug|Any CPU.ActiveCfg = Debug|Any CPU
		{FFE69E8A-4DCF-4A34-80ED-B07924A5657F}.Debug|Any CPU.Build.0 = Debug|Any CPU
		{FFE69E8A-4DCF-4A34-80ED-B07924A5657F}.Release|Any CPU.ActiveCfg = Release|Any CPU
		{FFE69E8A-4DCF-4A34-80ED-B07924A5657F}.Release|Any CPU.Build.0 = Release|Any CPU
		{F3959936-3259-477B-8425-1FB2F5316669}.Debug|Any CPU.ActiveCfg = Debug|Any CPU
		{F3959936-3259-477B-8425-1FB2F5316669}.Debug|Any CPU.Build.0 = Debug|Any CPU
		{F3959936-3259-477B-8425-1FB2F5316669}.Release|Any CPU.ActiveCfg = Release|Any CPU
		{F3959936-3259-477B-8425-1FB2F5316669}.Release|Any CPU.Build.0 = Release|Any CPU
		{5473B20A-5429-40D5-BE87-309CA9C05C1B}.Debug|Any CPU.ActiveCfg = Debug|Any CPU
		{5473B20A-5429-40D5-BE87-309CA9C05C1B}.Debug|Any CPU.Build.0 = Debug|Any CPU
		{5473B20A-5429-40D5-BE87-309CA9C05C1B}.Release|Any CPU.ActiveCfg = Release|Any CPU
		{5473B20A-5429-40D5-BE87-309CA9C05C1B}.Release|Any CPU.Build.0 = Release|Any CPU
	EndGlobalSection
	GlobalSection(SolutionProperties) = preSolution
		HideSolutionNode = FALSE
	EndGlobalSection
	GlobalSection(ExtensibilityGlobals) = postSolution
		SolutionGuid = {6835639E-623F-4E2E-8F7D-3F2C635BEF65}
	EndGlobalSection
EndGlobal
